
Microsoft Visual Studio Solution File, Format Version 12.00
# Visual Studio Version 16
VisualStudioVersion = 16.0.29123.88
MinimumVisualStudioVersion = 10.0.40219.1
Project("{9A19103F-16F7-4668-BE54-9A1E7A4F7556}") = "FastInsert", "FastInsert\FastInsert.csproj", "{B1CAE171-5FE2-412A-9AC3-59FEA35E1D08}"
EndProject
Project("{FAE04EC0-301F-11D3-BF4B-00C04F79EFBC}") = "FastInsertExample.Console", "FastInsertExample.Console\FastInsertExample.Console.csproj", "{C57A87DE-65DB-4670-ACA5-2D220184297F}"
EndProject
Global
	GlobalSection(SolutionConfigurationPlatforms) = preSolution
		Debug|Any CPU = Debug|Any CPU
		Release|Any CPU = Release|Any CPU
	EndGlobalSection
	GlobalSection(ProjectConfigurationPlatforms) = postSolution
		{B1CAE171-5FE2-412A-9AC3-59FEA35E1D08}.Debug|Any CPU.ActiveCfg = Debug|Any CPU
		{B1CAE171-5FE2-412A-9AC3-59FEA35E1D08}.Debug|Any CPU.Build.0 = Debug|Any CPU
		{B1CAE171-5FE2-412A-9AC3-59FEA35E1D08}.Release|Any CPU.ActiveCfg = Release|Any CPU
		{B1CAE171-5FE2-412A-9AC3-59FEA35E1D08}.Release|Any CPU.Build.0 = Release|Any CPU
		{C57A87DE-65DB-4670-ACA5-2D220184297F}.Debug|Any CPU.ActiveCfg = Debug|Any CPU
		{C57A87DE-65DB-4670-ACA5-2D220184297F}.Debug|Any CPU.Build.0 = Debug|Any CPU
		{C57A87DE-65DB-4670-ACA5-2D220184297F}.Release|Any CPU.ActiveCfg = Release|Any CPU
		{C57A87DE-65DB-4670-ACA5-2D220184297F}.Release|Any CPU.Build.0 = Release|Any CPU
	EndGlobalSection
	GlobalSection(SolutionProperties) = preSolution
		HideSolutionNode = FALSE
	EndGlobalSection
	GlobalSection(ExtensibilityGlobals) = postSolution
		SolutionGuid = {58CBCC95-6DD8-474C-974C-B7F2C0E20F59}
	EndGlobalSection
EndGlobal
